
Microsoft Visual Studio Solution File, Format Version 12.00
# Visual Studio Version 16
VisualStudioVersion = 16.0.30309.148
MinimumVisualStudioVersion = 10.0.40219.1
Project("{FAE04EC0-301F-11D3-BF4B-00C04F79EFBC}") = "Voxif.IO", "Voxif.IO.csproj", "{363137CA-18F7-40D5-AC26-2F8869C6795B}"
EndProject
Global
	GlobalSection(SolutionConfigurationPlatforms) = preSolution
		Debug|Any CPU = Debug|Any CPU
		Release|Any CPU = Release|Any CPU
	EndGlobalSection
	GlobalSection(ProjectConfigurationPlatforms) = postSolution
		{363137CA-18F7-40D5-AC26-2F8869C6795B}.Debug|Any CPU.ActiveCfg = Debug|Any CPU
		{363137CA-18F7-40D5-AC26-2F8869C6795B}.Debug|Any CPU.Build.0 = Debug|Any CPU
		{363137CA-18F7-40D5-AC26-2F8869C6795B}.Release|Any CPU.ActiveCfg = Release|Any CPU
		{363137CA-18F7-40D5-AC26-2F8869C6795B}.Release|Any CPU.Build.0 = Release|Any CPU
	EndGlobalSection
	GlobalSection(SolutionProperties) = preSolution
		HideSolutionNode = FALSE
	EndGlobalSection
	GlobalSection(ExtensibilityGlobals) = postSolution
		SolutionGuid = {ABD20583-E813-44F7-ACFC-07191BD98B44}
	EndGlobalSection
EndGlobal
