
Microsoft Visual Studio Solution File, Format Version 12.00
# Visual Studio Version 16
VisualStudioVersion = 16.0.30309.148
MinimumVisualStudioVersion = 10.0.40219.1
Project("{9A19103F-16F7-4668-BE54-9A1E7A4F7556}") = "Voxif.Helpers.ScanHelper", "Voxif.Helpers.ScanHelper.csproj", "{38552B48-E188-4302-9A11-74051F5F69C2}"
EndProject
Global
	GlobalSection(SolutionConfigurationPlatforms) = preSolution
		Debug|Any CPU = Debug|Any CPU
		Release|Any CPU = Release|Any CPU
	EndGlobalSection
	GlobalSection(ProjectConfigurationPlatforms) = postSolution
		{38552B48-E188-4302-9A11-74051F5F69C2}.Debug|Any CPU.ActiveCfg = Debug|Any CPU
		{38552B48-E188-4302-9A11-74051F5F69C2}.Debug|Any CPU.Build.0 = Debug|Any CPU
		{38552B48-E188-4302-9A11-74051F5F69C2}.Release|Any CPU.ActiveCfg = Release|Any CPU
		{38552B48-E188-4302-9A11-74051F5F69C2}.Release|Any CPU.Build.0 = Release|Any CPU
	EndGlobalSection
	GlobalSection(SolutionProperties) = preSolution
		HideSolutionNode = FALSE
	EndGlobalSection
	GlobalSection(ExtensibilityGlobals) = postSolution
		SolutionGuid = {885D5889-416B-4E7B-BB30-A10855B7BAF4}
	EndGlobalSection
EndGlobal
